
Microsoft Visual Studio Solution File, Format Version 12.00
# Visual Studio Version 16
VisualStudioVersion = 16.0.31410.357
MinimumVisualStudioVersion = 10.0.40219.1
Project("{2150E333-8FDC-42A3-9474-1A3956D46DE8}") = "src", "src", "{7551580A-B574-46C0-9453-517A3F8D1138}"
EndProject
Project("{2150E333-8FDC-42A3-9474-1A3956D46DE8}") = "Catalog", "Catalog", "{E05035E1-EFB0-43B6-9C1F-ABEE04C459AA}"
EndProject
Project("{E53339B2-1760-4266-BCC7-CA923CBCF16C}") = "docker-compose", "docker-compose.dcproj", "{6B8E4B73-827A-4F88-B838-0E8416EE1E06}"
EndProject
Project("{2150E333-8FDC-42A3-9474-1A3956D46DE8}") = "Basket", "Basket", "{166316D3-AF24-4BBE-A2ED-E0412277B4AA}"
EndProject
Project("{9A19103F-16F7-4668-BE54-9A1E7A4F7556}") = "Basket.API", "src\Basket\Basket.API\Basket.API.csproj", "{C5A0F665-070E-410C-9287-48690D502871}"
EndProject
Project("{FAE04EC0-301F-11D3-BF4B-00C04F79EFBC}") = "Catalog.API", "src\Catalog\Catalog.API\Catalog.API.csproj", "{4B71F1D1-2711-4534-96EC-8F430E85F2E5}"
EndProject
Global
	GlobalSection(SolutionConfigurationPlatforms) = preSolution
		Debug|Any CPU = Debug|Any CPU
		Release|Any CPU = Release|Any CPU
	EndGlobalSection
	GlobalSection(ProjectConfigurationPlatforms) = postSolution
		{6B8E4B73-827A-4F88-B838-0E8416EE1E06}.Debug|Any CPU.ActiveCfg = Debug|Any CPU
		{6B8E4B73-827A-4F88-B838-0E8416EE1E06}.Debug|Any CPU.Build.0 = Debug|Any CPU
		{6B8E4B73-827A-4F88-B838-0E8416EE1E06}.Release|Any CPU.ActiveCfg = Release|Any CPU
		{6B8E4B73-827A-4F88-B838-0E8416EE1E06}.Release|Any CPU.Build.0 = Release|Any CPU
		{C5A0F665-070E-410C-9287-48690D502871}.Debug|Any CPU.ActiveCfg = Debug|Any CPU
		{C5A0F665-070E-410C-9287-48690D502871}.Debug|Any CPU.Build.0 = Debug|Any CPU
		{C5A0F665-070E-410C-9287-48690D502871}.Release|Any CPU.ActiveCfg = Release|Any CPU
		{C5A0F665-070E-410C-9287-48690D502871}.Release|Any CPU.Build.0 = Release|Any CPU
		{4B71F1D1-2711-4534-96EC-8F430E85F2E5}.Debug|Any CPU.ActiveCfg = Debug|Any CPU
		{4B71F1D1-2711-4534-96EC-8F430E85F2E5}.Debug|Any CPU.Build.0 = Debug|Any CPU
		{4B71F1D1-2711-4534-96EC-8F430E85F2E5}.Release|Any CPU.ActiveCfg = Release|Any CPU
		{4B71F1D1-2711-4534-96EC-8F430E85F2E5}.Release|Any CPU.Build.0 = Release|Any CPU
	EndGlobalSection
	GlobalSection(SolutionProperties) = preSolution
		HideSolutionNode = FALSE
	EndGlobalSection
	GlobalSection(NestedProjects) = preSolution
		{E05035E1-EFB0-43B6-9C1F-ABEE04C459AA} = {7551580A-B574-46C0-9453-517A3F8D1138}
		{166316D3-AF24-4BBE-A2ED-E0412277B4AA} = {7551580A-B574-46C0-9453-517A3F8D1138}
		{C5A0F665-070E-410C-9287-48690D502871} = {166316D3-AF24-4BBE-A2ED-E0412277B4AA}
		{4B71F1D1-2711-4534-96EC-8F430E85F2E5} = {E05035E1-EFB0-43B6-9C1F-ABEE04C459AA}
	EndGlobalSection
	GlobalSection(ExtensibilityGlobals) = postSolution
		SolutionGuid = {F13AD12F-018F-4639-944E-B38E9731FC80}
	EndGlobalSection
EndGlobal
