
Microsoft Visual Studio Solution File, Format Version 12.00
# Visual Studio Version 16
VisualStudioVersion = 16.0.31410.357
MinimumVisualStudioVersion = 10.0.40219.1
Project("{2150E333-8FDC-42A3-9474-1A3956D46DE8}") = "src", "src", "{7551580A-B574-46C0-9453-517A3F8D1138}"
EndProject
Project("{2150E333-8FDC-42A3-9474-1A3956D46DE8}") = "Catalog", "Catalog", "{E05035E1-EFB0-43B6-9C1F-ABEE04C459AA}"
EndProject
Project("{E53339B2-1760-4266-BCC7-CA923CBCF16C}") = "docker-compose", "docker-compose.dcproj", "{6B8E4B73-827A-4F88-B838-0E8416EE1E06}"
EndProject
Project("{2150E333-8FDC-42A3-9474-1A3956D46DE8}") = "Basket", "Basket", "{166316D3-AF24-4BBE-A2ED-E0412277B4AA}"
EndProject
Project("{9A19103F-16F7-4668-BE54-9A1E7A4F7556}") = "Basket.API", "src\Basket\Basket.API\Basket.API.csproj", "{C5A0F665-070E-410C-9287-48690D502871}"
EndProject
Project("{9A19103F-16F7-4668-BE54-9A1E7A4F7556}") = "Catalog.API", "src\Catalog\Catalog.API\Catalog.API.csproj", "{4B71F1D1-2711-4534-96EC-8F430E85F2E5}"
EndProject
Project("{2150E333-8FDC-42A3-9474-1A3956D46DE8}") = "Common", "Common", "{BEC00654-60DF-4575-86AB-70341DEDD9DE}"
EndProject
Project("{9A19103F-16F7-4668-BE54-9A1E7A4F7556}") = "EventBusRabbitMQ", "src\Common\EventBusRabbitMQ\EventBusRabbitMQ.csproj", "{0B5433E5-8E94-4E30-B995-542F1416032F}"
EndProject
Project("{2150E333-8FDC-42A3-9474-1A3956D46DE8}") = "Ordering", "Ordering", "{0FD231BE-0F9A-4886-9DC7-2180FEA8F90F}"
EndProject
Project("{9A19103F-16F7-4668-BE54-9A1E7A4F7556}") = "Ordering.API", "src\Ordering\Ordering.API\Ordering.API.csproj", "{5984B382-F71F-4938-84D9-83DF97E44A8C}"
EndProject
Project("{9A19103F-16F7-4668-BE54-9A1E7A4F7556}") = "Ordering.Core", "src\Ordering\Ordering.Core\Ordering.Core.csproj", "{E1B200BB-3B35-4471-BCAF-7F159D42F317}"
EndProject
Project("{9A19103F-16F7-4668-BE54-9A1E7A4F7556}") = "Ordering.Infrastructure", "src\Ordering\Ordering.Infrastructure\Ordering.Infrastructure.csproj", "{8B7ABF99-EF3E-4A29-B7D6-116F159729E2}"
EndProject
Project("{9A19103F-16F7-4668-BE54-9A1E7A4F7556}") = "Ordering.Application", "src\Ordering\Ordering.Application\Ordering.Application.csproj", "{B48E1AF9-027B-4ECA-B5D7-1171B8BCE5EE}"
EndProject
Project("{2150E333-8FDC-42A3-9474-1A3956D46DE8}") = "ApiGateway", "ApiGateway", "{1E1E17DA-1418-4A6B-8B81-83F890546937}"
EndProject
Project("{FAE04EC0-301F-11D3-BF4B-00C04F79EFBC}") = "ApiGateway", "src\ApiGateway\ApiGateway\ApiGateway.csproj", "{0768D99F-3100-4C47-8E10-1DD249FAEBC4}"
EndProject
Project("{2150E333-8FDC-42A3-9474-1A3956D46DE8}") = "WebApp", "WebApp", "{687F684A-52DB-4854-A314-B4BFD6FE5F86}"
EndProject
Project("{9A19103F-16F7-4668-BE54-9A1E7A4F7556}") = "AspnetRunBasics", "src\WebApp\AspnetRunBasics\AspnetRunBasics.csproj", "{1561AD11-FEEC-493E-A508-C986E5590ED3}"
EndProject
Global
	GlobalSection(SolutionConfigurationPlatforms) = preSolution
		Debug|Any CPU = Debug|Any CPU
		Release|Any CPU = Release|Any CPU
	EndGlobalSection
	GlobalSection(ProjectConfigurationPlatforms) = postSolution
		{6B8E4B73-827A-4F88-B838-0E8416EE1E06}.Debug|Any CPU.ActiveCfg = Debug|Any CPU
		{6B8E4B73-827A-4F88-B838-0E8416EE1E06}.Debug|Any CPU.Build.0 = Debug|Any CPU
		{6B8E4B73-827A-4F88-B838-0E8416EE1E06}.Release|Any CPU.ActiveCfg = Release|Any CPU
		{6B8E4B73-827A-4F88-B838-0E8416EE1E06}.Release|Any CPU.Build.0 = Release|Any CPU
		{C5A0F665-070E-410C-9287-48690D502871}.Debug|Any CPU.ActiveCfg = Debug|Any CPU
		{C5A0F665-070E-410C-9287-48690D502871}.Debug|Any CPU.Build.0 = Debug|Any CPU
		{C5A0F665-070E-410C-9287-48690D502871}.Release|Any CPU.ActiveCfg = Release|Any CPU
		{C5A0F665-070E-410C-9287-48690D502871}.Release|Any CPU.Build.0 = Release|Any CPU
		{4B71F1D1-2711-4534-96EC-8F430E85F2E5}.Debug|Any CPU.ActiveCfg = Debug|Any CPU
		{4B71F1D1-2711-4534-96EC-8F430E85F2E5}.Debug|Any CPU.Build.0 = Debug|Any CPU
		{4B71F1D1-2711-4534-96EC-8F430E85F2E5}.Release|Any CPU.ActiveCfg = Release|Any CPU
		{4B71F1D1-2711-4534-96EC-8F430E85F2E5}.Release|Any CPU.Build.0 = Release|Any CPU
		{0B5433E5-8E94-4E30-B995-542F1416032F}.Debug|Any CPU.ActiveCfg = Debug|Any CPU
		{0B5433E5-8E94-4E30-B995-542F1416032F}.Debug|Any CPU.Build.0 = Debug|Any CPU
		{0B5433E5-8E94-4E30-B995-542F1416032F}.Release|Any CPU.ActiveCfg = Release|Any CPU
		{0B5433E5-8E94-4E30-B995-542F1416032F}.Release|Any CPU.Build.0 = Release|Any CPU
		{5984B382-F71F-4938-84D9-83DF97E44A8C}.Debug|Any CPU.ActiveCfg = Debug|Any CPU
		{5984B382-F71F-4938-84D9-83DF97E44A8C}.Debug|Any CPU.Build.0 = Debug|Any CPU
		{5984B382-F71F-4938-84D9-83DF97E44A8C}.Release|Any CPU.ActiveCfg = Release|Any CPU
		{5984B382-F71F-4938-84D9-83DF97E44A8C}.Release|Any CPU.Build.0 = Release|Any CPU
		{E1B200BB-3B35-4471-BCAF-7F159D42F317}.Debug|Any CPU.ActiveCfg = Debug|Any CPU
		{E1B200BB-3B35-4471-BCAF-7F159D42F317}.Debug|Any CPU.Build.0 = Debug|Any CPU
		{E1B200BB-3B35-4471-BCAF-7F159D42F317}.Release|Any CPU.ActiveCfg = Release|Any CPU
		{E1B200BB-3B35-4471-BCAF-7F159D42F317}.Release|Any CPU.Build.0 = Release|Any CPU
		{8B7ABF99-EF3E-4A29-B7D6-116F159729E2}.Debug|Any CPU.ActiveCfg = Debug|Any CPU
		{8B7ABF99-EF3E-4A29-B7D6-116F159729E2}.Debug|Any CPU.Build.0 = Debug|Any CPU
		{8B7ABF99-EF3E-4A29-B7D6-116F159729E2}.Release|Any CPU.ActiveCfg = Release|Any CPU
		{8B7ABF99-EF3E-4A29-B7D6-116F159729E2}.Release|Any CPU.Build.0 = Release|Any CPU
		{B48E1AF9-027B-4ECA-B5D7-1171B8BCE5EE}.Debug|Any CPU.ActiveCfg = Debug|Any CPU
		{B48E1AF9-027B-4ECA-B5D7-1171B8BCE5EE}.Debug|Any CPU.Build.0 = Debug|Any CPU
		{B48E1AF9-027B-4ECA-B5D7-1171B8BCE5EE}.Release|Any CPU.ActiveCfg = Release|Any CPU
		{B48E1AF9-027B-4ECA-B5D7-1171B8BCE5EE}.Release|Any CPU.Build.0 = Release|Any CPU
		{0768D99F-3100-4C47-8E10-1DD249FAEBC4}.Debug|Any CPU.ActiveCfg = Debug|Any CPU
		{0768D99F-3100-4C47-8E10-1DD249FAEBC4}.Debug|Any CPU.Build.0 = Debug|Any CPU
		{0768D99F-3100-4C47-8E10-1DD249FAEBC4}.Release|Any CPU.ActiveCfg = Release|Any CPU
		{0768D99F-3100-4C47-8E10-1DD249FAEBC4}.Release|Any CPU.Build.0 = Release|Any CPU
		{1561AD11-FEEC-493E-A508-C986E5590ED3}.Debug|Any CPU.ActiveCfg = Debug|Any CPU
		{1561AD11-FEEC-493E-A508-C986E5590ED3}.Debug|Any CPU.Build.0 = Debug|Any CPU
		{1561AD11-FEEC-493E-A508-C986E5590ED3}.Release|Any CPU.ActiveCfg = Release|Any CPU
		{1561AD11-FEEC-493E-A508-C986E5590ED3}.Release|Any CPU.Build.0 = Release|Any CPU
	EndGlobalSection
	GlobalSection(SolutionProperties) = preSolution
		HideSolutionNode = FALSE
	EndGlobalSection
	GlobalSection(NestedProjects) = preSolution
		{E05035E1-EFB0-43B6-9C1F-ABEE04C459AA} = {7551580A-B574-46C0-9453-517A3F8D1138}
		{166316D3-AF24-4BBE-A2ED-E0412277B4AA} = {7551580A-B574-46C0-9453-517A3F8D1138}
		{C5A0F665-070E-410C-9287-48690D502871} = {166316D3-AF24-4BBE-A2ED-E0412277B4AA}
		{4B71F1D1-2711-4534-96EC-8F430E85F2E5} = {E05035E1-EFB0-43B6-9C1F-ABEE04C459AA}
		{BEC00654-60DF-4575-86AB-70341DEDD9DE} = {7551580A-B574-46C0-9453-517A3F8D1138}
		{0B5433E5-8E94-4E30-B995-542F1416032F} = {BEC00654-60DF-4575-86AB-70341DEDD9DE}
		{0FD231BE-0F9A-4886-9DC7-2180FEA8F90F} = {7551580A-B574-46C0-9453-517A3F8D1138}
		{5984B382-F71F-4938-84D9-83DF97E44A8C} = {0FD231BE-0F9A-4886-9DC7-2180FEA8F90F}
		{E1B200BB-3B35-4471-BCAF-7F159D42F317} = {0FD231BE-0F9A-4886-9DC7-2180FEA8F90F}
		{8B7ABF99-EF3E-4A29-B7D6-116F159729E2} = {0FD231BE-0F9A-4886-9DC7-2180FEA8F90F}
		{B48E1AF9-027B-4ECA-B5D7-1171B8BCE5EE} = {0FD231BE-0F9A-4886-9DC7-2180FEA8F90F}
		{1E1E17DA-1418-4A6B-8B81-83F890546937} = {7551580A-B574-46C0-9453-517A3F8D1138}
		{0768D99F-3100-4C47-8E10-1DD249FAEBC4} = {1E1E17DA-1418-4A6B-8B81-83F890546937}
		{687F684A-52DB-4854-A314-B4BFD6FE5F86} = {7551580A-B574-46C0-9453-517A3F8D1138}
		{1561AD11-FEEC-493E-A508-C986E5590ED3} = {687F684A-52DB-4854-A314-B4BFD6FE5F86}
	EndGlobalSection
	GlobalSection(ExtensibilityGlobals) = postSolution
		SolutionGuid = {F13AD12F-018F-4639-944E-B38E9731FC80}
	EndGlobalSection
EndGlobal
